
Microsoft Visual Studio Solution File, Format Version 12.00
# Visual Studio 15
VisualStudioVersion = 15.0.26430.6
MinimumVisualStudioVersion = 10.0.40219.1
Project("{FAE04EC0-301F-11D3-BF4B-00C04F79EFBC}") = "Cookbook.Web.Tests", "Cookbook.Web.Tests\Cookbook.Web.Tests.csproj", "{DADE4BA4-2659-4C5F-BCB2-2A3D730BD2BC}"
EndProject
Project("{FAE04EC0-301F-11D3-BF4B-00C04F79EFBC}") = "Cookbook.DataAccess", "Cookbook.DataAccess\Cookbook.DataAccess.csproj", "{6314104C-3907-4646-8E9E-0A3776FA0F63}"
EndProject
Project("{FAE04EC0-301F-11D3-BF4B-00C04F79EFBC}") = "Cookbook.Models", "Cookbook.Models\Cookbook.Models.csproj", "{D3C3D2E7-D21F-4362-AC4F-A79144D5FAE3}"
EndProject
Project("{FAE04EC0-301F-11D3-BF4B-00C04F79EFBC}") = "Cookbook.Business", "Cookbook.Business\Cookbook.Business.csproj", "{5E9BDC8B-2057-4428-9E0C-E6F4B1F223BB}"
EndProject
Global
	GlobalSection(SolutionConfigurationPlatforms) = preSolution
		Debug|Any CPU = Debug|Any CPU
		Release|Any CPU = Release|Any CPU
	EndGlobalSection
	GlobalSection(ProjectConfigurationPlatforms) = postSolution
		{DADE4BA4-2659-4C5F-BCB2-2A3D730BD2BC}.Debug|Any CPU.ActiveCfg = Debug|Any CPU
		{DADE4BA4-2659-4C5F-BCB2-2A3D730BD2BC}.Debug|Any CPU.Build.0 = Debug|Any CPU
		{DADE4BA4-2659-4C5F-BCB2-2A3D730BD2BC}.Release|Any CPU.ActiveCfg = Release|Any CPU
		{DADE4BA4-2659-4C5F-BCB2-2A3D730BD2BC}.Release|Any CPU.Build.0 = Release|Any CPU
		{6314104C-3907-4646-8E9E-0A3776FA0F63}.Debug|Any CPU.ActiveCfg = Debug|Any CPU
		{6314104C-3907-4646-8E9E-0A3776FA0F63}.Debug|Any CPU.Build.0 = Debug|Any CPU
		{6314104C-3907-4646-8E9E-0A3776FA0F63}.Release|Any CPU.ActiveCfg = Release|Any CPU
		{6314104C-3907-4646-8E9E-0A3776FA0F63}.Release|Any CPU.Build.0 = Release|Any CPU
		{D3C3D2E7-D21F-4362-AC4F-A79144D5FAE3}.Debug|Any CPU.ActiveCfg = Debug|Any CPU
		{D3C3D2E7-D21F-4362-AC4F-A79144D5FAE3}.Debug|Any CPU.Build.0 = Debug|Any CPU
		{D3C3D2E7-D21F-4362-AC4F-A79144D5FAE3}.Release|Any CPU.ActiveCfg = Release|Any CPU
		{D3C3D2E7-D21F-4362-AC4F-A79144D5FAE3}.Release|Any CPU.Build.0 = Release|Any CPU
		{5E9BDC8B-2057-4428-9E0C-E6F4B1F223BB}.Debug|Any CPU.ActiveCfg = Debug|Any CPU
		{5E9BDC8B-2057-4428-9E0C-E6F4B1F223BB}.Debug|Any CPU.Build.0 = Debug|Any CPU
		{5E9BDC8B-2057-4428-9E0C-E6F4B1F223BB}.Release|Any CPU.ActiveCfg = Release|Any CPU
		{5E9BDC8B-2057-4428-9E0C-E6F4B1F223BB}.Release|Any CPU.Build.0 = Release|Any CPU
	EndGlobalSection
	GlobalSection(SolutionProperties) = preSolution
		HideSolutionNode = FALSE
	EndGlobalSection
EndGlobal
